
Microsoft Visual Studio Solution File, Format Version 12.00
# Visual Studio 15
VisualStudioVersion = 15.0.28010.2046
MinimumVisualStudioVersion = 10.0.40219.1
Project("{8BC9CEB8-8B4A-11D0-8D11-00A0C91BC942}") = "OpenEDA.Structures.lib", "OpenEDA.structures\OpenEDA.Structures.lib\OpenEDA.Structures.lib.vcxproj", "{8C0AC38B-40D1-4F97-9763-FD9251FF2122}"
EndProject
Project("{8BC9CEB8-8B4A-11D0-8D11-00A0C91BC942}") = "OpenEDA.Simulation.lib", "OpenEDA.Simulation\OpenEDA.Simulation.lib\OpenEDA.Simulation.lib.vcxproj", "{E00AEDBF-CA63-4E1F-975A-E8CB144EA7F2}"
	ProjectSection(ProjectDependencies) = postProject
		{8C0AC38B-40D1-4F97-9763-FD9251FF2122} = {8C0AC38B-40D1-4F97-9763-FD9251FF2122}
	EndProjectSection
EndProject
Project("{8BC9CEB8-8B4A-11D0-8D11-00A0C91BC942}") = "OpenEDA.Parser.lib", "OpenEDA.Parser\OpenEDA.Parser.lib\OpenEDA.Parser.lib.vcxproj", "{C14BB54B-2EF9-4A17-9FF6-34A182FD5F48}"
EndProject
Project("{8BC9CEB8-8B4A-11D0-8D11-00A0C91BC942}") = "OpenEDA.Trace.lib", "OpenEDA.Trace\OpenEDA.Trace.lib\OpenEDA.Trace.lib.vcxproj", "{1E33AA3B-FC92-40C9-B4D1-9AD82D083648}"
EndProject
Project("{8BC9CEB8-8B4A-11D0-8D11-00A0C91BC942}") = "OpenEDA.Structures.tests", "OpenEDA.structures\OpenEDA.Structures.tests\OpenEDA.Structures.tests.vcxproj", "{CCE5DE2F-5ABF-495D-B20C-DB6EBCC5B33F}"
EndProject
Project("{8BC9CEB8-8B4A-11D0-8D11-00A0C91BC942}") = "OpenEDA.Simulation.tests", "OpenEDA.Simulation\OpenEDA.Simulation.tests\OpenEDA.Simulation.tests.vcxproj", "{D48B9F05-3E92-4CD3-9E7E-680F82B0EFA8}"
EndProject
Project("{8BC9CEB8-8B4A-11D0-8D11-00A0C91BC942}") = "OpenEDA.SAT.lib", "OpenEDA.SAT\OpenEDA.SAT.lib\OpenEDA.SAT.lib.vcxproj", "{9E1DA74F-AAC6-4397-A727-9469F2F34916}"
EndProject
Project("{8BC9CEB8-8B4A-11D0-8D11-00A0C91BC942}") = "OpenEDA.Parser.test", "OpenEDA.Parser\OpenEDA.Parser.test\OpenEDA.Parser.test.vcxproj", "{A987D47E-6ED8-4D61-83DC-9FC7F45EA7FE}"
EndProject
Project("{8BC9CEB8-8B4A-11D0-8D11-00A0C91BC942}") = "OpenEDA.Faults.lib", "OpenEDA.Faults\OpenEDA.Faults.lib\OpenEDA.Faults.lib.vcxproj", "{F74F6A64-FBA4-4985-8339-A7B11239BC3A}"
EndProject
Project("{8BC9CEB8-8B4A-11D0-8D11-00A0C91BC942}") = "OpenEDA.Trace.tests", "OpenEDA.Trace\OpenEDA.Trace.tests\OpenEDA.Trace.tests.vcxproj", "{736E4B5A-14B9-4930-9E7B-4D0E9058A728}"
EndProject
Project("{8BC9CEB8-8B4A-11D0-8D11-00A0C91BC942}") = "OpenEDA.SAT.tests", "OpenEDA.SAT\OpenEDA.SAT.tests\OpenEDA.SAT.tests.vcxproj", "{AC6AFF28-8C14-49D4-A40C-23334D76B914}"
EndProject
Project("{8BC9CEB8-8B4A-11D0-8D11-00A0C91BC942}") = "OpenEDA.TPI.lib", "OpenEDA.TPI\OpenEDA.TPI.lib\OpenEDA.TPI.lib.vcxproj", "{8EB08747-9683-4954-B8A7-5E2B264A887D}"
EndProject
Project("{8BC9CEB8-8B4A-11D0-8D11-00A0C91BC942}") = "OpenEDA.COP.lib", "OpenEDA.COP\OpenEDA.COP.lib\OpenEDA.COP.lib.vcxproj", "{53C55390-A3BC-4288-AAEC-BAB6BE900135}"
EndProject
Project("{8BC9CEB8-8B4A-11D0-8D11-00A0C91BC942}") = "OpenEDA.Faults.tests", "OpenEDA.Faults\OpenEDA.Faults.tests\OpenEDA.Faults.tests.vcxproj", "{2EFBF4B8-58D3-4F21-BDD3-A86E0B5EB938}"
EndProject
Project("{8BC9CEB8-8B4A-11D0-8D11-00A0C91BC942}") = "OpenEDA.PRPG.lib", "OpenEDA.PRPG\OpenEDA.PRPG.lib\OpenEDA.PRPG.lib.vcxproj", "{9A9A0A01-B921-4785-8F71-362FBC508B9B}"
EndProject
Project("{8BC9CEB8-8B4A-11D0-8D11-00A0C91BC942}") = "OpenEDA.PRPG.tests", "OpenEDA.PRPG\OpenEDA.PRPG.tests\OpenEDA.PRPG.tests.vcxproj", "{C58649F2-A051-4424-87A2-1511F9963A06}"
EndProject
Global
	GlobalSection(SolutionConfigurationPlatforms) = preSolution
		Debug|WIN32 = Debug|WIN32
		Debug|x64 = Debug|x64
		Debug|x86 = Debug|x86
		Release|WIN32 = Release|WIN32
		Release|x64 = Release|x64
		Release|x86 = Release|x86
	EndGlobalSection
	GlobalSection(ProjectConfigurationPlatforms) = postSolution
		{8C0AC38B-40D1-4F97-9763-FD9251FF2122}.Debug|WIN32.ActiveCfg = Debug|Win32
		{8C0AC38B-40D1-4F97-9763-FD9251FF2122}.Debug|WIN32.Build.0 = Debug|Win32
		{8C0AC38B-40D1-4F97-9763-FD9251FF2122}.Debug|x64.ActiveCfg = Debug|x64
		{8C0AC38B-40D1-4F97-9763-FD9251FF2122}.Debug|x64.Build.0 = Debug|x64
		{8C0AC38B-40D1-4F97-9763-FD9251FF2122}.Debug|x86.ActiveCfg = Debug|Win32
		{8C0AC38B-40D1-4F97-9763-FD9251FF2122}.Debug|x86.Build.0 = Debug|Win32
		{8C0AC38B-40D1-4F97-9763-FD9251FF2122}.Release|WIN32.ActiveCfg = Release|Win32
		{8C0AC38B-40D1-4F97-9763-FD9251FF2122}.Release|WIN32.Build.0 = Release|Win32
		{8C0AC38B-40D1-4F97-9763-FD9251FF2122}.Release|x64.ActiveCfg = Release|x64
		{8C0AC38B-40D1-4F97-9763-FD9251FF2122}.Release|x64.Build.0 = Release|x64
		{8C0AC38B-40D1-4F97-9763-FD9251FF2122}.Release|x86.ActiveCfg = Release|Win32
		{8C0AC38B-40D1-4F97-9763-FD9251FF2122}.Release|x86.Build.0 = Release|Win32
		{E00AEDBF-CA63-4E1F-975A-E8CB144EA7F2}.Debug|WIN32.ActiveCfg = Debug|Win32
		{E00AEDBF-CA63-4E1F-975A-E8CB144EA7F2}.Debug|WIN32.Build.0 = Debug|Win32
		{E00AEDBF-CA63-4E1F-975A-E8CB144EA7F2}.Debug|x64.ActiveCfg = Debug|x64
		{E00AEDBF-CA63-4E1F-975A-E8CB144EA7F2}.Debug|x64.Build.0 = Debug|x64
		{E00AEDBF-CA63-4E1F-975A-E8CB144EA7F2}.Debug|x86.ActiveCfg = Debug|Win32
		{E00AEDBF-CA63-4E1F-975A-E8CB144EA7F2}.Debug|x86.Build.0 = Debug|Win32
		{E00AEDBF-CA63-4E1F-975A-E8CB144EA7F2}.Release|WIN32.ActiveCfg = Release|Win32
		{E00AEDBF-CA63-4E1F-975A-E8CB144EA7F2}.Release|WIN32.Build.0 = Release|Win32
		{E00AEDBF-CA63-4E1F-975A-E8CB144EA7F2}.Release|x64.ActiveCfg = Release|x64
		{E00AEDBF-CA63-4E1F-975A-E8CB144EA7F2}.Release|x64.Build.0 = Release|x64
		{E00AEDBF-CA63-4E1F-975A-E8CB144EA7F2}.Release|x86.ActiveCfg = Release|Win32
		{E00AEDBF-CA63-4E1F-975A-E8CB144EA7F2}.Release|x86.Build.0 = Release|Win32
		{C14BB54B-2EF9-4A17-9FF6-34A182FD5F48}.Debug|WIN32.ActiveCfg = Debug|Win32
		{C14BB54B-2EF9-4A17-9FF6-34A182FD5F48}.Debug|WIN32.Build.0 = Debug|Win32
		{C14BB54B-2EF9-4A17-9FF6-34A182FD5F48}.Debug|x64.ActiveCfg = Debug|x64
		{C14BB54B-2EF9-4A17-9FF6-34A182FD5F48}.Debug|x64.Build.0 = Debug|x64
		{C14BB54B-2EF9-4A17-9FF6-34A182FD5F48}.Debug|x86.ActiveCfg = Debug|Win32
		{C14BB54B-2EF9-4A17-9FF6-34A182FD5F48}.Debug|x86.Build.0 = Debug|Win32
		{C14BB54B-2EF9-4A17-9FF6-34A182FD5F48}.Release|WIN32.ActiveCfg = Release|Win32
		{C14BB54B-2EF9-4A17-9FF6-34A182FD5F48}.Release|WIN32.Build.0 = Release|Win32
		{C14BB54B-2EF9-4A17-9FF6-34A182FD5F48}.Release|x64.ActiveCfg = Release|x64
		{C14BB54B-2EF9-4A17-9FF6-34A182FD5F48}.Release|x64.Build.0 = Release|x64
		{C14BB54B-2EF9-4A17-9FF6-34A182FD5F48}.Release|x86.ActiveCfg = Release|Win32
		{C14BB54B-2EF9-4A17-9FF6-34A182FD5F48}.Release|x86.Build.0 = Release|Win32
		{1E33AA3B-FC92-40C9-B4D1-9AD82D083648}.Debug|WIN32.ActiveCfg = Debug|Win32
		{1E33AA3B-FC92-40C9-B4D1-9AD82D083648}.Debug|WIN32.Build.0 = Debug|Win32
		{1E33AA3B-FC92-40C9-B4D1-9AD82D083648}.Debug|x64.ActiveCfg = Debug|x64
		{1E33AA3B-FC92-40C9-B4D1-9AD82D083648}.Debug|x64.Build.0 = Debug|x64
		{1E33AA3B-FC92-40C9-B4D1-9AD82D083648}.Debug|x86.ActiveCfg = Debug|Win32
		{1E33AA3B-FC92-40C9-B4D1-9AD82D083648}.Debug|x86.Build.0 = Debug|Win32
		{1E33AA3B-FC92-40C9-B4D1-9AD82D083648}.Release|WIN32.ActiveCfg = Release|Win32
		{1E33AA3B-FC92-40C9-B4D1-9AD82D083648}.Release|WIN32.Build.0 = Release|Win32
		{1E33AA3B-FC92-40C9-B4D1-9AD82D083648}.Release|x64.ActiveCfg = Release|x64
		{1E33AA3B-FC92-40C9-B4D1-9AD82D083648}.Release|x64.Build.0 = Release|x64
		{1E33AA3B-FC92-40C9-B4D1-9AD82D083648}.Release|x86.ActiveCfg = Release|Win32
		{1E33AA3B-FC92-40C9-B4D1-9AD82D083648}.Release|x86.Build.0 = Release|Win32
		{CCE5DE2F-5ABF-495D-B20C-DB6EBCC5B33F}.Debug|WIN32.ActiveCfg = Debug|Win32
		{CCE5DE2F-5ABF-495D-B20C-DB6EBCC5B33F}.Debug|WIN32.Build.0 = Debug|Win32
		{CCE5DE2F-5ABF-495D-B20C-DB6EBCC5B33F}.Debug|x64.ActiveCfg = Debug|x64
		{CCE5DE2F-5ABF-495D-B20C-DB6EBCC5B33F}.Debug|x64.Build.0 = Debug|x64
		{CCE5DE2F-5ABF-495D-B20C-DB6EBCC5B33F}.Debug|x86.ActiveCfg = Debug|Win32
		{CCE5DE2F-5ABF-495D-B20C-DB6EBCC5B33F}.Debug|x86.Build.0 = Debug|Win32
		{CCE5DE2F-5ABF-495D-B20C-DB6EBCC5B33F}.Release|WIN32.ActiveCfg = Release|Win32
		{CCE5DE2F-5ABF-495D-B20C-DB6EBCC5B33F}.Release|WIN32.Build.0 = Release|Win32
		{CCE5DE2F-5ABF-495D-B20C-DB6EBCC5B33F}.Release|x64.ActiveCfg = Release|x64
		{CCE5DE2F-5ABF-495D-B20C-DB6EBCC5B33F}.Release|x64.Build.0 = Release|x64
		{CCE5DE2F-5ABF-495D-B20C-DB6EBCC5B33F}.Release|x86.ActiveCfg = Release|Win32
		{CCE5DE2F-5ABF-495D-B20C-DB6EBCC5B33F}.Release|x86.Build.0 = Release|Win32
		{D48B9F05-3E92-4CD3-9E7E-680F82B0EFA8}.Debug|WIN32.ActiveCfg = Debug|Win32
		{D48B9F05-3E92-4CD3-9E7E-680F82B0EFA8}.Debug|WIN32.Build.0 = Debug|Win32
		{D48B9F05-3E92-4CD3-9E7E-680F82B0EFA8}.Debug|x64.ActiveCfg = Debug|x64
		{D48B9F05-3E92-4CD3-9E7E-680F82B0EFA8}.Debug|x64.Build.0 = Debug|x64
		{D48B9F05-3E92-4CD3-9E7E-680F82B0EFA8}.Debug|x86.ActiveCfg = Debug|Win32
		{D48B9F05-3E92-4CD3-9E7E-680F82B0EFA8}.Debug|x86.Build.0 = Debug|Win32
		{D48B9F05-3E92-4CD3-9E7E-680F82B0EFA8}.Release|WIN32.ActiveCfg = Release|Win32
		{D48B9F05-3E92-4CD3-9E7E-680F82B0EFA8}.Release|WIN32.Build.0 = Release|Win32
		{D48B9F05-3E92-4CD3-9E7E-680F82B0EFA8}.Release|x64.ActiveCfg = Release|x64
		{D48B9F05-3E92-4CD3-9E7E-680F82B0EFA8}.Release|x64.Build.0 = Release|x64
		{D48B9F05-3E92-4CD3-9E7E-680F82B0EFA8}.Release|x86.ActiveCfg = Release|Win32
		{D48B9F05-3E92-4CD3-9E7E-680F82B0EFA8}.Release|x86.Build.0 = Release|Win32
		{9E1DA74F-AAC6-4397-A727-9469F2F34916}.Debug|WIN32.ActiveCfg = Debug|Win32
		{9E1DA74F-AAC6-4397-A727-9469F2F34916}.Debug|WIN32.Build.0 = Debug|Win32
		{9E1DA74F-AAC6-4397-A727-9469F2F34916}.Debug|x64.ActiveCfg = Debug|x64
		{9E1DA74F-AAC6-4397-A727-9469F2F34916}.Debug|x64.Build.0 = Debug|x64
		{9E1DA74F-AAC6-4397-A727-9469F2F34916}.Debug|x86.ActiveCfg = Debug|Win32
		{9E1DA74F-AAC6-4397-A727-9469F2F34916}.Debug|x86.Build.0 = Debug|Win32
		{9E1DA74F-AAC6-4397-A727-9469F2F34916}.Release|WIN32.ActiveCfg = Release|Win32
		{9E1DA74F-AAC6-4397-A727-9469F2F34916}.Release|WIN32.Build.0 = Release|Win32
		{9E1DA74F-AAC6-4397-A727-9469F2F34916}.Release|x64.ActiveCfg = Release|x64
		{9E1DA74F-AAC6-4397-A727-9469F2F34916}.Release|x64.Build.0 = Release|x64
		{9E1DA74F-AAC6-4397-A727-9469F2F34916}.Release|x86.ActiveCfg = Release|Win32
		{9E1DA74F-AAC6-4397-A727-9469F2F34916}.Release|x86.Build.0 = Release|Win32
		{A987D47E-6ED8-4D61-83DC-9FC7F45EA7FE}.Debug|WIN32.ActiveCfg = Debug|Win32
		{A987D47E-6ED8-4D61-83DC-9FC7F45EA7FE}.Debug|WIN32.Build.0 = Debug|Win32
		{A987D47E-6ED8-4D61-83DC-9FC7F45EA7FE}.Debug|x64.ActiveCfg = Debug|x64
		{A987D47E-6ED8-4D61-83DC-9FC7F45EA7FE}.Debug|x64.Build.0 = Debug|x64
		{A987D47E-6ED8-4D61-83DC-9FC7F45EA7FE}.Debug|x86.ActiveCfg = Debug|Win32
		{A987D47E-6ED8-4D61-83DC-9FC7F45EA7FE}.Debug|x86.Build.0 = Debug|Win32
		{A987D47E-6ED8-4D61-83DC-9FC7F45EA7FE}.Release|WIN32.ActiveCfg = Release|Win32
		{A987D47E-6ED8-4D61-83DC-9FC7F45EA7FE}.Release|WIN32.Build.0 = Release|Win32
		{A987D47E-6ED8-4D61-83DC-9FC7F45EA7FE}.Release|x64.ActiveCfg = Release|x64
		{A987D47E-6ED8-4D61-83DC-9FC7F45EA7FE}.Release|x64.Build.0 = Release|x64
		{A987D47E-6ED8-4D61-83DC-9FC7F45EA7FE}.Release|x86.ActiveCfg = Release|Win32
		{A987D47E-6ED8-4D61-83DC-9FC7F45EA7FE}.Release|x86.Build.0 = Release|Win32
		{F74F6A64-FBA4-4985-8339-A7B11239BC3A}.Debug|WIN32.ActiveCfg = Debug|Win32
		{F74F6A64-FBA4-4985-8339-A7B11239BC3A}.Debug|WIN32.Build.0 = Debug|Win32
		{F74F6A64-FBA4-4985-8339-A7B11239BC3A}.Debug|x64.ActiveCfg = Debug|x64
		{F74F6A64-FBA4-4985-8339-A7B11239BC3A}.Debug|x64.Build.0 = Debug|x64
		{F74F6A64-FBA4-4985-8339-A7B11239BC3A}.Debug|x86.ActiveCfg = Debug|Win32
		{F74F6A64-FBA4-4985-8339-A7B11239BC3A}.Debug|x86.Build.0 = Debug|Win32
		{F74F6A64-FBA4-4985-8339-A7B11239BC3A}.Release|WIN32.ActiveCfg = Release|Win32
		{F74F6A64-FBA4-4985-8339-A7B11239BC3A}.Release|WIN32.Build.0 = Release|Win32
		{F74F6A64-FBA4-4985-8339-A7B11239BC3A}.Release|x64.ActiveCfg = Release|x64
		{F74F6A64-FBA4-4985-8339-A7B11239BC3A}.Release|x64.Build.0 = Release|x64
		{F74F6A64-FBA4-4985-8339-A7B11239BC3A}.Release|x86.ActiveCfg = Release|Win32
		{F74F6A64-FBA4-4985-8339-A7B11239BC3A}.Release|x86.Build.0 = Release|Win32
		{736E4B5A-14B9-4930-9E7B-4D0E9058A728}.Debug|WIN32.ActiveCfg = Debug|Win32
		{736E4B5A-14B9-4930-9E7B-4D0E9058A728}.Debug|WIN32.Build.0 = Debug|Win32
		{736E4B5A-14B9-4930-9E7B-4D0E9058A728}.Debug|x64.ActiveCfg = Debug|x64
		{736E4B5A-14B9-4930-9E7B-4D0E9058A728}.Debug|x64.Build.0 = Debug|x64
		{736E4B5A-14B9-4930-9E7B-4D0E9058A728}.Debug|x86.ActiveCfg = Debug|Win32
		{736E4B5A-14B9-4930-9E7B-4D0E9058A728}.Debug|x86.Build.0 = Debug|Win32
		{736E4B5A-14B9-4930-9E7B-4D0E9058A728}.Release|WIN32.ActiveCfg = Release|Win32
		{736E4B5A-14B9-4930-9E7B-4D0E9058A728}.Release|WIN32.Build.0 = Release|Win32
		{736E4B5A-14B9-4930-9E7B-4D0E9058A728}.Release|x64.ActiveCfg = Release|x64
		{736E4B5A-14B9-4930-9E7B-4D0E9058A728}.Release|x64.Build.0 = Release|x64
		{736E4B5A-14B9-4930-9E7B-4D0E9058A728}.Release|x86.ActiveCfg = Release|Win32
		{736E4B5A-14B9-4930-9E7B-4D0E9058A728}.Release|x86.Build.0 = Release|Win32
		{AC6AFF28-8C14-49D4-A40C-23334D76B914}.Debug|WIN32.ActiveCfg = Debug|Win32
		{AC6AFF28-8C14-49D4-A40C-23334D76B914}.Debug|WIN32.Build.0 = Debug|Win32
		{AC6AFF28-8C14-49D4-A40C-23334D76B914}.Debug|x64.ActiveCfg = Debug|x64
		{AC6AFF28-8C14-49D4-A40C-23334D76B914}.Debug|x64.Build.0 = Debug|x64
		{AC6AFF28-8C14-49D4-A40C-23334D76B914}.Debug|x86.ActiveCfg = Debug|Win32
		{AC6AFF28-8C14-49D4-A40C-23334D76B914}.Debug|x86.Build.0 = Debug|Win32
		{AC6AFF28-8C14-49D4-A40C-23334D76B914}.Release|WIN32.ActiveCfg = Release|Win32
		{AC6AFF28-8C14-49D4-A40C-23334D76B914}.Release|WIN32.Build.0 = Release|Win32
		{AC6AFF28-8C14-49D4-A40C-23334D76B914}.Release|x64.ActiveCfg = Release|x64
		{AC6AFF28-8C14-49D4-A40C-23334D76B914}.Release|x64.Build.0 = Release|x64
		{AC6AFF28-8C14-49D4-A40C-23334D76B914}.Release|x86.ActiveCfg = Release|Win32
		{AC6AFF28-8C14-49D4-A40C-23334D76B914}.Release|x86.Build.0 = Release|Win32
		{8EB08747-9683-4954-B8A7-5E2B264A887D}.Debug|WIN32.ActiveCfg = Debug|Win32
		{8EB08747-9683-4954-B8A7-5E2B264A887D}.Debug|WIN32.Build.0 = Debug|Win32
		{8EB08747-9683-4954-B8A7-5E2B264A887D}.Debug|x64.ActiveCfg = Debug|x64
		{8EB08747-9683-4954-B8A7-5E2B264A887D}.Debug|x64.Build.0 = Debug|x64
		{8EB08747-9683-4954-B8A7-5E2B264A887D}.Debug|x86.ActiveCfg = Debug|Win32
		{8EB08747-9683-4954-B8A7-5E2B264A887D}.Debug|x86.Build.0 = Debug|Win32
		{8EB08747-9683-4954-B8A7-5E2B264A887D}.Release|WIN32.ActiveCfg = Release|Win32
		{8EB08747-9683-4954-B8A7-5E2B264A887D}.Release|WIN32.Build.0 = Release|Win32
		{8EB08747-9683-4954-B8A7-5E2B264A887D}.Release|x64.ActiveCfg = Release|x64
		{8EB08747-9683-4954-B8A7-5E2B264A887D}.Release|x64.Build.0 = Release|x64
		{8EB08747-9683-4954-B8A7-5E2B264A887D}.Release|x86.ActiveCfg = Release|Win32
		{8EB08747-9683-4954-B8A7-5E2B264A887D}.Release|x86.Build.0 = Release|Win32
		{53C55390-A3BC-4288-AAEC-BAB6BE900135}.Debug|WIN32.ActiveCfg = Debug|Win32
		{53C55390-A3BC-4288-AAEC-BAB6BE900135}.Debug|WIN32.Build.0 = Debug|Win32
		{53C55390-A3BC-4288-AAEC-BAB6BE900135}.Debug|x64.ActiveCfg = Debug|x64
		{53C55390-A3BC-4288-AAEC-BAB6BE900135}.Debug|x64.Build.0 = Debug|x64
		{53C55390-A3BC-4288-AAEC-BAB6BE900135}.Debug|x86.ActiveCfg = Debug|Win32
		{53C55390-A3BC-4288-AAEC-BAB6BE900135}.Debug|x86.Build.0 = Debug|Win32
		{53C55390-A3BC-4288-AAEC-BAB6BE900135}.Release|WIN32.ActiveCfg = Release|Win32
		{53C55390-A3BC-4288-AAEC-BAB6BE900135}.Release|WIN32.Build.0 = Release|Win32
		{53C55390-A3BC-4288-AAEC-BAB6BE900135}.Release|x64.ActiveCfg = Release|x64
		{53C55390-A3BC-4288-AAEC-BAB6BE900135}.Release|x64.Build.0 = Release|x64
		{53C55390-A3BC-4288-AAEC-BAB6BE900135}.Release|x86.ActiveCfg = Release|Win32
		{53C55390-A3BC-4288-AAEC-BAB6BE900135}.Release|x86.Build.0 = Release|Win32
		{2EFBF4B8-58D3-4F21-BDD3-A86E0B5EB938}.Debug|WIN32.ActiveCfg = Debug|Win32
		{2EFBF4B8-58D3-4F21-BDD3-A86E0B5EB938}.Debug|WIN32.Build.0 = Debug|Win32
		{2EFBF4B8-58D3-4F21-BDD3-A86E0B5EB938}.Debug|x64.ActiveCfg = Debug|x64
		{2EFBF4B8-58D3-4F21-BDD3-A86E0B5EB938}.Debug|x64.Build.0 = Debug|x64
		{2EFBF4B8-58D3-4F21-BDD3-A86E0B5EB938}.Debug|x86.ActiveCfg = Debug|Win32
		{2EFBF4B8-58D3-4F21-BDD3-A86E0B5EB938}.Debug|x86.Build.0 = Debug|Win32
		{2EFBF4B8-58D3-4F21-BDD3-A86E0B5EB938}.Release|WIN32.ActiveCfg = Release|Win32
		{2EFBF4B8-58D3-4F21-BDD3-A86E0B5EB938}.Release|WIN32.Build.0 = Release|Win32
		{2EFBF4B8-58D3-4F21-BDD3-A86E0B5EB938}.Release|x64.ActiveCfg = Release|x64
		{2EFBF4B8-58D3-4F21-BDD3-A86E0B5EB938}.Release|x64.Build.0 = Release|x64
		{2EFBF4B8-58D3-4F21-BDD3-A86E0B5EB938}.Release|x86.ActiveCfg = Release|Win32
		{2EFBF4B8-58D3-4F21-BDD3-A86E0B5EB938}.Release|x86.Build.0 = Release|Win32
		{9A9A0A01-B921-4785-8F71-362FBC508B9B}.Debug|WIN32.ActiveCfg = Debug|Win32
		{9A9A0A01-B921-4785-8F71-362FBC508B9B}.Debug|WIN32.Build.0 = Debug|Win32
		{9A9A0A01-B921-4785-8F71-362FBC508B9B}.Debug|x64.ActiveCfg = Debug|x64
		{9A9A0A01-B921-4785-8F71-362FBC508B9B}.Debug|x64.Build.0 = Debug|x64
		{9A9A0A01-B921-4785-8F71-362FBC508B9B}.Debug|x86.ActiveCfg = Debug|Win32
		{9A9A0A01-B921-4785-8F71-362FBC508B9B}.Debug|x86.Build.0 = Debug|Win32
		{9A9A0A01-B921-4785-8F71-362FBC508B9B}.Release|WIN32.ActiveCfg = Release|Win32
		{9A9A0A01-B921-4785-8F71-362FBC508B9B}.Release|WIN32.Build.0 = Release|Win32
		{9A9A0A01-B921-4785-8F71-362FBC508B9B}.Release|x64.ActiveCfg = Release|x64
		{9A9A0A01-B921-4785-8F71-362FBC508B9B}.Release|x64.Build.0 = Release|x64
		{9A9A0A01-B921-4785-8F71-362FBC508B9B}.Release|x86.ActiveCfg = Release|Win32
		{9A9A0A01-B921-4785-8F71-362FBC508B9B}.Release|x86.Build.0 = Release|Win32
		{C58649F2-A051-4424-87A2-1511F9963A06}.Debug|WIN32.ActiveCfg = Debug|Win32
		{C58649F2-A051-4424-87A2-1511F9963A06}.Debug|WIN32.Build.0 = Debug|Win32
		{C58649F2-A051-4424-87A2-1511F9963A06}.Debug|x64.ActiveCfg = Debug|x64
		{C58649F2-A051-4424-87A2-1511F9963A06}.Debug|x64.Build.0 = Debug|x64
		{C58649F2-A051-4424-87A2-1511F9963A06}.Debug|x86.ActiveCfg = Debug|Win32
		{C58649F2-A051-4424-87A2-1511F9963A06}.Debug|x86.Build.0 = Debug|Win32
		{C58649F2-A051-4424-87A2-1511F9963A06}.Release|WIN32.ActiveCfg = Release|Win32
		{C58649F2-A051-4424-87A2-1511F9963A06}.Release|WIN32.Build.0 = Release|Win32
		{C58649F2-A051-4424-87A2-1511F9963A06}.Release|x64.ActiveCfg = Release|x64
		{C58649F2-A051-4424-87A2-1511F9963A06}.Release|x64.Build.0 = Release|x64
		{C58649F2-A051-4424-87A2-1511F9963A06}.Release|x86.ActiveCfg = Release|Win32
		{C58649F2-A051-4424-87A2-1511F9963A06}.Release|x86.Build.0 = Release|Win32
	EndGlobalSection
	GlobalSection(SolutionProperties) = preSolution
		HideSolutionNode = FALSE
	EndGlobalSection
	GlobalSection(ExtensibilityGlobals) = postSolution
		SolutionGuid = {4CBE4484-160C-4B93-93FA-7232B64F31CC}
	EndGlobalSection
	GlobalSection(TeamFoundationVersionControl) = preSolution
		SccNumberOfProjects = 17
		SccEnterpriseProvider = {4CA58AB2-18FA-4F8D-95D4-32DDF27D184C}
		SccTeamFoundationServer = https://openeda.visualstudio.com/
		SccLocalPath0 = .
		SccProjectUniqueName1 = OpenEDA.structures\\OpenEDA.Structures.lib\\OpenEDA.Structures.lib.vcxproj
		SccProjectName1 = OpenEDA.structures/OpenEDA.Structures.lib
		SccLocalPath1 = OpenEDA.structures\\OpenEDA.Structures.lib
		SccProjectUniqueName2 = OpenEDA.Simulation\\OpenEDA.Simulation.lib\\OpenEDA.Simulation.lib.vcxproj
		SccProjectName2 = OpenEDA.Simulation/OpenEDA.Simulation.lib
		SccLocalPath2 = OpenEDA.Simulation\\OpenEDA.Simulation.lib
		SccProjectUniqueName3 = OpenEDA.Parser\\OpenEDA.Parser.lib\\OpenEDA.Parser.lib.vcxproj
		SccProjectName3 = OpenEDA.Parser/OpenEDA.Parser.lib
		SccLocalPath3 = OpenEDA.Parser\\OpenEDA.Parser.lib
		SccProjectUniqueName4 = OpenEDA.Trace\\OpenEDA.Trace.lib\\OpenEDA.Trace.lib.vcxproj
		SccProjectName4 = OpenEDA.Trace/OpenEDA.Trace.lib
		SccLocalPath4 = OpenEDA.Trace\\OpenEDA.Trace.lib
		SccProjectUniqueName5 = OpenEDA.structures\\OpenEDA.Structures.tests\\OpenEDA.Structures.tests.vcxproj
		SccProjectName5 = OpenEDA.structures/OpenEDA.Structures.tests
		SccLocalPath5 = OpenEDA.structures\\OpenEDA.Structures.tests
		SccProjectUniqueName6 = OpenEDA.Simulation\\OpenEDA.Simulation.tests\\OpenEDA.Simulation.tests.vcxproj
		SccProjectName6 = OpenEDA.Simulation/OpenEDA.Simulation.tests
		SccLocalPath6 = OpenEDA.Simulation\\OpenEDA.Simulation.tests
		SccProjectUniqueName7 = OpenEDA.SAT\\OpenEDA.SAT.lib\\OpenEDA.SAT.lib.vcxproj
		SccProjectName7 = OpenEDA.SAT/OpenEDA.SAT.lib
		SccLocalPath7 = OpenEDA.SAT\\OpenEDA.SAT.lib
		SccProjectUniqueName8 = OpenEDA.Parser\\OpenEDA.Parser.test\\OpenEDA.Parser.test.vcxproj
		SccProjectName8 = OpenEDA.Parser/OpenEDA.Parser.test
		SccLocalPath8 = OpenEDA.Parser\\OpenEDA.Parser.test
		SccProjectUniqueName9 = OpenEDA.Faults\\OpenEDA.Faults.lib\\OpenEDA.Faults.lib.vcxproj
		SccProjectName9 = OpenEDA.Faults/OpenEDA.Faults.lib
		SccLocalPath9 = OpenEDA.Faults\\OpenEDA.Faults.lib
		SccProjectUniqueName10 = OpenEDA.Trace\\OpenEDA.Trace.tests\\OpenEDA.Trace.tests.vcxproj
		SccProjectName10 = OpenEDA.Trace/OpenEDA.Trace.tests
		SccLocalPath10 = OpenEDA.Trace\\OpenEDA.Trace.tests
		SccProjectUniqueName11 = OpenEDA.SAT\\OpenEDA.SAT.tests\\OpenEDA.SAT.tests.vcxproj
		SccProjectName11 = OpenEDA.SAT/OpenEDA.SAT.tests
		SccLocalPath11 = OpenEDA.SAT\\OpenEDA.SAT.tests
		SccProjectUniqueName12 = OpenEDA.TPI\\OpenEDA.TPI.lib\\OpenEDA.TPI.lib.vcxproj
		SccProjectName12 = OpenEDA.TPI/OpenEDA.TPI.lib
		SccLocalPath12 = OpenEDA.TPI\\OpenEDA.TPI.lib
		SccProjectUniqueName13 = OpenEDA.COP\\OpenEDA.COP.lib\\OpenEDA.COP.lib.vcxproj
		SccProjectName13 = OpenEDA.COP/OpenEDA.COP.lib
		SccLocalPath13 = OpenEDA.COP\\OpenEDA.COP.lib
		SccProjectUniqueName14 = OpenEDA.Faults\\OpenEDA.Faults.tests\\OpenEDA.Faults.tests.vcxproj
		SccProjectName14 = OpenEDA.Faults/OpenEDA.Faults.tests
		SccLocalPath14 = OpenEDA.Faults\\OpenEDA.Faults.tests
		SccProjectUniqueName15 = OpenEDA.PRPG\\OpenEDA.PRPG.lib\\OpenEDA.PRPG.lib.vcxproj
		SccProjectName15 = OpenEDA.PRPG/OpenEDA.PRPG.lib
		SccLocalPath15 = OpenEDA.PRPG\\OpenEDA.PRPG.lib
		SccProjectUniqueName16 = OpenEDA.PRPG\\OpenEDA.PRPG.tests\\OpenEDA.PRPG.tests.vcxproj
		SccProjectName16 = OpenEDA.PRPG/OpenEDA.PRPG.tests
		SccLocalPath16 = OpenEDA.PRPG\\OpenEDA.PRPG.tests
	EndGlobalSection
EndGlobal
